
Microsoft Visual Studio Solution File, Format Version 12.00
# Visual Studio 15
VisualStudioVersion = 15.0.27004.2002
MinimumVisualStudioVersion = 10.0.40219.1
Project("{FAE04EC0-301F-11D3-BF4B-00C04F79EFBC}") = "Задание 1", "Задание 1\Задание 1.csproj", "{E20ADA3C-ED10-4CAA-9FA9-A3352CAEA3C1}"
EndProject
Project("{FAE04EC0-301F-11D3-BF4B-00C04F79EFBC}") = "Задание 2", "ConsoleApp1\Задание 2.csproj", "{0470E5FD-89B8-469C-81D8-D843A642878F}"
EndProject
Project("{FAE04EC0-301F-11D3-BF4B-00C04F79EFBC}") = "Задание 3", "Задание 3\Задание 3.csproj", "{47325277-A6C5-44C5-AD39-A91F869702E1}"
EndProject
Project("{FAE04EC0-301F-11D3-BF4B-00C04F79EFBC}") = "Задача 4", "Задача 4\Задача 4.csproj", "{1CD7B30D-71F7-4C6B-93F0-E72B5DA096FF}"
EndProject
Project("{FAE04EC0-301F-11D3-BF4B-00C04F79EFBC}") = "Задание 7", "ConsoleApp2\Задание 7.csproj", "{9CC8A862-59B3-4FCC-9E54-AEE30B730229}"
EndProject
Project("{FAE04EC0-301F-11D3-BF4B-00C04F79EFBC}") = "Задание 5", "Задание 5\Задание 5.csproj", "{5D897E63-5DD5-447A-9C32-FCE5BF62CD65}"
EndProject
Project("{FAE04EC0-301F-11D3-BF4B-00C04F79EFBC}") = "Задание 6", "Задание 6\Задание 6.csproj", "{BBBDEF0E-E877-4F41-8436-39992D6CF165}"
EndProject
Project("{FAE04EC0-301F-11D3-BF4B-00C04F79EFBC}") = "Задание 10", "Задание 10\Задание 10.csproj", "{570B2DD7-A24A-4877-88BF-3CD1324F2B2E}"
EndProject
Project("{FAE04EC0-301F-11D3-BF4B-00C04F79EFBC}") = "Задание 11", "Задание 11\Задание 11.csproj", "{1893B957-D683-40B8-B733-D72200E0A1E9}"
EndProject
Project("{FAE04EC0-301F-11D3-BF4B-00C04F79EFBC}") = "Задание 12", "Задание 12\Задание 12.csproj", "{F5CDBD64-0C55-45AD-AF70-37F4E799F3AB}"
EndProject
Project("{FAE04EC0-301F-11D3-BF4B-00C04F79EFBC}") = "Задание 13", "Задание 13\Задание 13.csproj", "{5860EFF1-2A49-4374-8E56-CE1C203F2FD3}"
EndProject
Project("{FAE04EC0-301F-11D3-BF4B-00C04F79EFBC}") = "Задание 14", "Задание 14\Задание 14.csproj", "{14CEB376-C21C-4272-BAFC-28BEF39441FE}"
EndProject
Project("{FAE04EC0-301F-11D3-BF4B-00C04F79EFBC}") = "Задание 15", "Задание 15\Задание 15.csproj", "{C4539750-967D-4F39-BDB3-96C312064C95}"
EndProject
Project("{FAE04EC0-301F-11D3-BF4B-00C04F79EFBC}") = "Задание 16", "Задание 16\Задание 16.csproj", "{30BD62C5-7378-4F6E-97EC-2F57FC814CD3}"
EndProject
Global
	GlobalSection(SolutionConfigurationPlatforms) = preSolution
		Debug|Any CPU = Debug|Any CPU
		Release|Any CPU = Release|Any CPU
	EndGlobalSection
	GlobalSection(ProjectConfigurationPlatforms) = postSolution
		{E20ADA3C-ED10-4CAA-9FA9-A3352CAEA3C1}.Debug|Any CPU.ActiveCfg = Debug|Any CPU
		{E20ADA3C-ED10-4CAA-9FA9-A3352CAEA3C1}.Debug|Any CPU.Build.0 = Debug|Any CPU
		{E20ADA3C-ED10-4CAA-9FA9-A3352CAEA3C1}.Release|Any CPU.ActiveCfg = Release|Any CPU
		{E20ADA3C-ED10-4CAA-9FA9-A3352CAEA3C1}.Release|Any CPU.Build.0 = Release|Any CPU
		{0470E5FD-89B8-469C-81D8-D843A642878F}.Debug|Any CPU.ActiveCfg = Debug|Any CPU
		{0470E5FD-89B8-469C-81D8-D843A642878F}.Debug|Any CPU.Build.0 = Debug|Any CPU
		{0470E5FD-89B8-469C-81D8-D843A642878F}.Release|Any CPU.ActiveCfg = Release|Any CPU
		{0470E5FD-89B8-469C-81D8-D843A642878F}.Release|Any CPU.Build.0 = Release|Any CPU
		{47325277-A6C5-44C5-AD39-A91F869702E1}.Debug|Any CPU.ActiveCfg = Debug|Any CPU
		{47325277-A6C5-44C5-AD39-A91F869702E1}.Debug|Any CPU.Build.0 = Debug|Any CPU
		{47325277-A6C5-44C5-AD39-A91F869702E1}.Release|Any CPU.ActiveCfg = Release|Any CPU
		{47325277-A6C5-44C5-AD39-A91F869702E1}.Release|Any CPU.Build.0 = Release|Any CPU
		{1CD7B30D-71F7-4C6B-93F0-E72B5DA096FF}.Debug|Any CPU.ActiveCfg = Debug|Any CPU
		{1CD7B30D-71F7-4C6B-93F0-E72B5DA096FF}.Debug|Any CPU.Build.0 = Debug|Any CPU
		{1CD7B30D-71F7-4C6B-93F0-E72B5DA096FF}.Release|Any CPU.ActiveCfg = Release|Any CPU
		{1CD7B30D-71F7-4C6B-93F0-E72B5DA096FF}.Release|Any CPU.Build.0 = Release|Any CPU
		{9CC8A862-59B3-4FCC-9E54-AEE30B730229}.Debug|Any CPU.ActiveCfg = Debug|Any CPU
		{9CC8A862-59B3-4FCC-9E54-AEE30B730229}.Debug|Any CPU.Build.0 = Debug|Any CPU
		{9CC8A862-59B3-4FCC-9E54-AEE30B730229}.Release|Any CPU.ActiveCfg = Release|Any CPU
		{9CC8A862-59B3-4FCC-9E54-AEE30B730229}.Release|Any CPU.Build.0 = Release|Any CPU
		{5D897E63-5DD5-447A-9C32-FCE5BF62CD65}.Debug|Any CPU.ActiveCfg = Debug|Any CPU
		{5D897E63-5DD5-447A-9C32-FCE5BF62CD65}.Debug|Any CPU.Build.0 = Debug|Any CPU
		{5D897E63-5DD5-447A-9C32-FCE5BF62CD65}.Release|Any CPU.ActiveCfg = Release|Any CPU
		{5D897E63-5DD5-447A-9C32-FCE5BF62CD65}.Release|Any CPU.Build.0 = Release|Any CPU
		{BBBDEF0E-E877-4F41-8436-39992D6CF165}.Debug|Any CPU.ActiveCfg = Debug|Any CPU
		{BBBDEF0E-E877-4F41-8436-39992D6CF165}.Debug|Any CPU.Build.0 = Debug|Any CPU
		{BBBDEF0E-E877-4F41-8436-39992D6CF165}.Release|Any CPU.ActiveCfg = Release|Any CPU
		{BBBDEF0E-E877-4F41-8436-39992D6CF165}.Release|Any CPU.Build.0 = Release|Any CPU
		{570B2DD7-A24A-4877-88BF-3CD1324F2B2E}.Debug|Any CPU.ActiveCfg = Debug|Any CPU
		{570B2DD7-A24A-4877-88BF-3CD1324F2B2E}.Debug|Any CPU.Build.0 = Debug|Any CPU
		{570B2DD7-A24A-4877-88BF-3CD1324F2B2E}.Release|Any CPU.ActiveCfg = Release|Any CPU
		{570B2DD7-A24A-4877-88BF-3CD1324F2B2E}.Release|Any CPU.Build.0 = Release|Any CPU
		{1893B957-D683-40B8-B733-D72200E0A1E9}.Debug|Any CPU.ActiveCfg = Debug|Any CPU
		{1893B957-D683-40B8-B733-D72200E0A1E9}.Debug|Any CPU.Build.0 = Debug|Any CPU
		{1893B957-D683-40B8-B733-D72200E0A1E9}.Release|Any CPU.ActiveCfg = Release|Any CPU
		{1893B957-D683-40B8-B733-D72200E0A1E9}.Release|Any CPU.Build.0 = Release|Any CPU
		{F5CDBD64-0C55-45AD-AF70-37F4E799F3AB}.Debug|Any CPU.ActiveCfg = Debug|Any CPU
		{F5CDBD64-0C55-45AD-AF70-37F4E799F3AB}.Debug|Any CPU.Build.0 = Debug|Any CPU
		{F5CDBD64-0C55-45AD-AF70-37F4E799F3AB}.Release|Any CPU.ActiveCfg = Release|Any CPU
		{F5CDBD64-0C55-45AD-AF70-37F4E799F3AB}.Release|Any CPU.Build.0 = Release|Any CPU
		{5860EFF1-2A49-4374-8E56-CE1C203F2FD3}.Debug|Any CPU.ActiveCfg = Debug|Any CPU
		{5860EFF1-2A49-4374-8E56-CE1C203F2FD3}.Debug|Any CPU.Build.0 = Debug|Any CPU
		{5860EFF1-2A49-4374-8E56-CE1C203F2FD3}.Release|Any CPU.ActiveCfg = Release|Any CPU
		{5860EFF1-2A49-4374-8E56-CE1C203F2FD3}.Release|Any CPU.Build.0 = Release|Any CPU
		{14CEB376-C21C-4272-BAFC-28BEF39441FE}.Debug|Any CPU.ActiveCfg = Debug|Any CPU
		{14CEB376-C21C-4272-BAFC-28BEF39441FE}.Debug|Any CPU.Build.0 = Debug|Any CPU
		{14CEB376-C21C-4272-BAFC-28BEF39441FE}.Release|Any CPU.ActiveCfg = Release|Any CPU
		{14CEB376-C21C-4272-BAFC-28BEF39441FE}.Release|Any CPU.Build.0 = Release|Any CPU
		{C4539750-967D-4F39-BDB3-96C312064C95}.Debug|Any CPU.ActiveCfg = Debug|Any CPU
		{C4539750-967D-4F39-BDB3-96C312064C95}.Debug|Any CPU.Build.0 = Debug|Any CPU
		{C4539750-967D-4F39-BDB3-96C312064C95}.Release|Any CPU.ActiveCfg = Release|Any CPU
		{C4539750-967D-4F39-BDB3-96C312064C95}.Release|Any CPU.Build.0 = Release|Any CPU
		{30BD62C5-7378-4F6E-97EC-2F57FC814CD3}.Debug|Any CPU.ActiveCfg = Debug|Any CPU
		{30BD62C5-7378-4F6E-97EC-2F57FC814CD3}.Debug|Any CPU.Build.0 = Debug|Any CPU
		{30BD62C5-7378-4F6E-97EC-2F57FC814CD3}.Release|Any CPU.ActiveCfg = Release|Any CPU
		{30BD62C5-7378-4F6E-97EC-2F57FC814CD3}.Release|Any CPU.Build.0 = Release|Any CPU
	EndGlobalSection
	GlobalSection(SolutionProperties) = preSolution
		HideSolutionNode = FALSE
	EndGlobalSection
	GlobalSection(ExtensibilityGlobals) = postSolution
		SolutionGuid = {ADA15F5A-9E5B-4622-A043-B95BDA09F40E}
	EndGlobalSection
EndGlobal
