
Microsoft Visual Studio Solution File, Format Version 12.00
# Visual Studio 15
VisualStudioVersion = 15.0.27004.2009
MinimumVisualStudioVersion = 10.0.40219.1
Project("{FAE04EC0-301F-11D3-BF4B-00C04F79EFBC}") = "Задание 1", "Задание 1\Задание 1.csproj", "{E20ADA3C-ED10-4CAA-9FA9-A3352CAEA3C1}"
EndProject
Project("{FAE04EC0-301F-11D3-BF4B-00C04F79EFBC}") = "Задание 2", "ConsoleApp1\Задание 2.csproj", "{0470E5FD-89B8-469C-81D8-D843A642878F}"
EndProject
Project("{FAE04EC0-301F-11D3-BF4B-00C04F79EFBC}") = "Задание 3", "Задание 3\Задание 3.csproj", "{47325277-A6C5-44C5-AD39-A91F869702E1}"
EndProject
Project("{FAE04EC0-301F-11D3-BF4B-00C04F79EFBC}") = "Задача 4", "Задача 4\Задача 4.csproj", "{1CD7B30D-71F7-4C6B-93F0-E72B5DA096FF}"
EndProject
Project("{FAE04EC0-301F-11D3-BF4B-00C04F79EFBC}") = "Задание 7", "ConsoleApp2\Задание 7.csproj", "{9CC8A862-59B3-4FCC-9E54-AEE30B730229}"
EndProject
Project("{FAE04EC0-301F-11D3-BF4B-00C04F79EFBC}") = "Задание 5", "Задание 5\Задание 5.csproj", "{5D897E63-5DD5-447A-9C32-FCE5BF62CD65}"
EndProject
Project("{FAE04EC0-301F-11D3-BF4B-00C04F79EFBC}") = "Задание 6", "Задание 6\Задание 6.csproj", "{BBBDEF0E-E877-4F41-8436-39992D6CF165}"
EndProject
Project("{FAE04EC0-301F-11D3-BF4B-00C04F79EFBC}") = "Задание 10", "Задание 10\Задание 10.csproj", "{570B2DD7-A24A-4877-88BF-3CD1324F2B2E}"
EndProject
Project("{FAE04EC0-301F-11D3-BF4B-00C04F79EFBC}") = "Задание 11", "Задание 11\Задание 11.csproj", "{1893B957-D683-40B8-B733-D72200E0A1E9}"
EndProject
Project("{FAE04EC0-301F-11D3-BF4B-00C04F79EFBC}") = "Задание 12", "Задание 12\Задание 12.csproj", "{F5CDBD64-0C55-45AD-AF70-37F4E799F3AB}"
EndProject
Project("{FAE04EC0-301F-11D3-BF4B-00C04F79EFBC}") = "Задание 13", "Задание 13\Задание 13.csproj", "{5860EFF1-2A49-4374-8E56-CE1C203F2FD3}"
EndProject
Project("{FAE04EC0-301F-11D3-BF4B-00C04F79EFBC}") = "Задание 14", "Задание 14\Задание 14.csproj", "{14CEB376-C21C-4272-BAFC-28BEF39441FE}"
EndProject
Project("{FAE04EC0-301F-11D3-BF4B-00C04F79EFBC}") = "Задание 15", "Задание 15\Задание 15.csproj", "{C4539750-967D-4F39-BDB3-96C312064C95}"
EndProject
Project("{FAE04EC0-301F-11D3-BF4B-00C04F79EFBC}") = "Задание 17", "Задание 17\Задание 17.csproj", "{30BD62C5-7378-4F6E-97EC-2F57FC814CD3}"
EndProject
Project("{FAE04EC0-301F-11D3-BF4B-00C04F79EFBC}") = "Задание 18", "Задание 18\Задание 18.csproj", "{4CF2DC09-4055-40A4-8D55-427E3DD5E954}"
EndProject
Project("{FAE04EC0-301F-11D3-BF4B-00C04F79EFBC}") = "Задание 19", "Задание 19\Задание 19.csproj", "{A1F0E930-B83C-448E-90FA-3D50B5674207}"
EndProject
Project("{FAE04EC0-301F-11D3-BF4B-00C04F79EFBC}") = "Задание 20", "Задание 20\Задание 20.csproj", "{3B2D21AA-5202-40A8-A8A5-9AB3BB704E96}"
EndProject
Project("{FAE04EC0-301F-11D3-BF4B-00C04F79EFBC}") = "Задание 21", "Задание 21\Задание 21.csproj", "{0177EB14-EFE8-42FC-A3AC-972760171E60}"
EndProject
Project("{FAE04EC0-301F-11D3-BF4B-00C04F79EFBC}") = "Задание 22", "Задание 22\Задание 22.csproj", "{96A14581-D3D5-4680-B349-569226DD65F8}"
EndProject
Project("{FAE04EC0-301F-11D3-BF4B-00C04F79EFBC}") = "Задание 23", "Задание 23\Задание 23.csproj", "{C827D69B-CD5A-4FEB-99FA-90B0026215BB}"
EndProject
Project("{FAE04EC0-301F-11D3-BF4B-00C04F79EFBC}") = "Задание 24", "Задание 24\Задание 24.csproj", "{7F95C0FD-3661-411A-A22F-D16EF0D7C519}"
EndProject
Project("{FAE04EC0-301F-11D3-BF4B-00C04F79EFBC}") = "Задание 25", "Задание 25\Задание 25.csproj", "{5B463A54-FFC6-49EE-A6A2-A86605D5F5CC}"
EndProject
Project("{FAE04EC0-301F-11D3-BF4B-00C04F79EFBC}") = "Задание 26", "Задание 26\Задание 26.csproj", "{6BA3FD79-B081-45E4-8542-6A68FD576BF0}"
EndProject
Project("{FAE04EC0-301F-11D3-BF4B-00C04F79EFBC}") = "Задание 27", "Задание 27\Задание 27.csproj", "{C5680555-5A1A-45A9-B0FF-2BAA86C9B8FD}"
EndProject
Project("{FAE04EC0-301F-11D3-BF4B-00C04F79EFBC}") = "Задание 28", "Задание 28\Задание 28.csproj", "{E8B57C2C-C9A0-4ACE-9F23-B607F21F943F}"
EndProject
Project("{FAE04EC0-301F-11D3-BF4B-00C04F79EFBC}") = "Задание 29", "Задание 29\Задание 29.csproj", "{C34F668F-5D79-4E39-8921-C03698E04411}"
EndProject
Project("{FAE04EC0-301F-11D3-BF4B-00C04F79EFBC}") = "Задание 30", "Задание 30\Задание 30.csproj", "{499B5BA4-5ED9-4604-9B10-34E40A2083C5}"
EndProject
Project("{FAE04EC0-301F-11D3-BF4B-00C04F79EFBC}") = "Задание 31", "Задание 31\Задание 31.csproj", "{EDE83BE5-258E-4FB2-B98F-935148CA18A8}"
EndProject
Project("{FAE04EC0-301F-11D3-BF4B-00C04F79EFBC}") = "Задание 32", "Задание 32\Задание 32.csproj", "{D133971E-BBF5-476D-9AF3-C4B643EF30E8}"
EndProject
Project("{FAE04EC0-301F-11D3-BF4B-00C04F79EFBC}") = "Задание 33", "Задание 33\Задание 33.csproj", "{3EC1E86F-F1A5-4A0D-ACCD-8BD00011FA7E}"
EndProject
Project("{FAE04EC0-301F-11D3-BF4B-00C04F79EFBC}") = "Задание 35", "Задание 35\Задание 35.csproj", "{C4F3F393-1725-4C8C-9E98-7DB7E3D85FC1}"
EndProject
Project("{FAE04EC0-301F-11D3-BF4B-00C04F79EFBC}") = "Задание 34", "Задание 34\Задание 34.csproj", "{C14AD714-6A3E-4F4D-8C58-0C778F32B177}"
EndProject
Project("{FAE04EC0-301F-11D3-BF4B-00C04F79EFBC}") = "Задание 36", "Задание 36\Задание 36.csproj", "{802EF06C-C9FE-4196-8BD9-7942765DD329}"
EndProject
Project("{FAE04EC0-301F-11D3-BF4B-00C04F79EFBC}") = "Задание 37", "Задание 37\Задание 37.csproj", "{06A4E189-7EC1-484F-BAF4-1D4CFEE47B7E}"
EndProject
Project("{FAE04EC0-301F-11D3-BF4B-00C04F79EFBC}") = "Задание 16", "Задание 16\Задание 16.csproj", "{CD3A060D-505F-4C6E-8024-8950CBE83F06}"
EndProject
Global
	GlobalSection(SolutionConfigurationPlatforms) = preSolution
		Debug|Any CPU = Debug|Any CPU
		Release|Any CPU = Release|Any CPU
	EndGlobalSection
	GlobalSection(ProjectConfigurationPlatforms) = postSolution
		{E20ADA3C-ED10-4CAA-9FA9-A3352CAEA3C1}.Debug|Any CPU.ActiveCfg = Debug|Any CPU
		{E20ADA3C-ED10-4CAA-9FA9-A3352CAEA3C1}.Debug|Any CPU.Build.0 = Debug|Any CPU
		{E20ADA3C-ED10-4CAA-9FA9-A3352CAEA3C1}.Release|Any CPU.ActiveCfg = Release|Any CPU
		{E20ADA3C-ED10-4CAA-9FA9-A3352CAEA3C1}.Release|Any CPU.Build.0 = Release|Any CPU
		{0470E5FD-89B8-469C-81D8-D843A642878F}.Debug|Any CPU.ActiveCfg = Debug|Any CPU
		{0470E5FD-89B8-469C-81D8-D843A642878F}.Debug|Any CPU.Build.0 = Debug|Any CPU
		{0470E5FD-89B8-469C-81D8-D843A642878F}.Release|Any CPU.ActiveCfg = Release|Any CPU
		{0470E5FD-89B8-469C-81D8-D843A642878F}.Release|Any CPU.Build.0 = Release|Any CPU
		{47325277-A6C5-44C5-AD39-A91F869702E1}.Debug|Any CPU.ActiveCfg = Debug|Any CPU
		{47325277-A6C5-44C5-AD39-A91F869702E1}.Debug|Any CPU.Build.0 = Debug|Any CPU
		{47325277-A6C5-44C5-AD39-A91F869702E1}.Release|Any CPU.ActiveCfg = Release|Any CPU
		{47325277-A6C5-44C5-AD39-A91F869702E1}.Release|Any CPU.Build.0 = Release|Any CPU
		{1CD7B30D-71F7-4C6B-93F0-E72B5DA096FF}.Debug|Any CPU.ActiveCfg = Debug|Any CPU
		{1CD7B30D-71F7-4C6B-93F0-E72B5DA096FF}.Debug|Any CPU.Build.0 = Debug|Any CPU
		{1CD7B30D-71F7-4C6B-93F0-E72B5DA096FF}.Release|Any CPU.ActiveCfg = Release|Any CPU
		{1CD7B30D-71F7-4C6B-93F0-E72B5DA096FF}.Release|Any CPU.Build.0 = Release|Any CPU
		{9CC8A862-59B3-4FCC-9E54-AEE30B730229}.Debug|Any CPU.ActiveCfg = Debug|Any CPU
		{9CC8A862-59B3-4FCC-9E54-AEE30B730229}.Debug|Any CPU.Build.0 = Debug|Any CPU
		{9CC8A862-59B3-4FCC-9E54-AEE30B730229}.Release|Any CPU.ActiveCfg = Release|Any CPU
		{9CC8A862-59B3-4FCC-9E54-AEE30B730229}.Release|Any CPU.Build.0 = Release|Any CPU
		{5D897E63-5DD5-447A-9C32-FCE5BF62CD65}.Debug|Any CPU.ActiveCfg = Debug|Any CPU
		{5D897E63-5DD5-447A-9C32-FCE5BF62CD65}.Debug|Any CPU.Build.0 = Debug|Any CPU
		{5D897E63-5DD5-447A-9C32-FCE5BF62CD65}.Release|Any CPU.ActiveCfg = Release|Any CPU
		{5D897E63-5DD5-447A-9C32-FCE5BF62CD65}.Release|Any CPU.Build.0 = Release|Any CPU
		{BBBDEF0E-E877-4F41-8436-39992D6CF165}.Debug|Any CPU.ActiveCfg = Debug|Any CPU
		{BBBDEF0E-E877-4F41-8436-39992D6CF165}.Debug|Any CPU.Build.0 = Debug|Any CPU
		{BBBDEF0E-E877-4F41-8436-39992D6CF165}.Release|Any CPU.ActiveCfg = Release|Any CPU
		{BBBDEF0E-E877-4F41-8436-39992D6CF165}.Release|Any CPU.Build.0 = Release|Any CPU
		{570B2DD7-A24A-4877-88BF-3CD1324F2B2E}.Debug|Any CPU.ActiveCfg = Debug|Any CPU
		{570B2DD7-A24A-4877-88BF-3CD1324F2B2E}.Debug|Any CPU.Build.0 = Debug|Any CPU
		{570B2DD7-A24A-4877-88BF-3CD1324F2B2E}.Release|Any CPU.ActiveCfg = Release|Any CPU
		{570B2DD7-A24A-4877-88BF-3CD1324F2B2E}.Release|Any CPU.Build.0 = Release|Any CPU
		{1893B957-D683-40B8-B733-D72200E0A1E9}.Debug|Any CPU.ActiveCfg = Debug|Any CPU
		{1893B957-D683-40B8-B733-D72200E0A1E9}.Debug|Any CPU.Build.0 = Debug|Any CPU
		{1893B957-D683-40B8-B733-D72200E0A1E9}.Release|Any CPU.ActiveCfg = Release|Any CPU
		{1893B957-D683-40B8-B733-D72200E0A1E9}.Release|Any CPU.Build.0 = Release|Any CPU
		{F5CDBD64-0C55-45AD-AF70-37F4E799F3AB}.Debug|Any CPU.ActiveCfg = Debug|Any CPU
		{F5CDBD64-0C55-45AD-AF70-37F4E799F3AB}.Debug|Any CPU.Build.0 = Debug|Any CPU
		{F5CDBD64-0C55-45AD-AF70-37F4E799F3AB}.Release|Any CPU.ActiveCfg = Release|Any CPU
		{F5CDBD64-0C55-45AD-AF70-37F4E799F3AB}.Release|Any CPU.Build.0 = Release|Any CPU
		{5860EFF1-2A49-4374-8E56-CE1C203F2FD3}.Debug|Any CPU.ActiveCfg = Debug|Any CPU
		{5860EFF1-2A49-4374-8E56-CE1C203F2FD3}.Debug|Any CPU.Build.0 = Debug|Any CPU
		{5860EFF1-2A49-4374-8E56-CE1C203F2FD3}.Release|Any CPU.ActiveCfg = Release|Any CPU
		{5860EFF1-2A49-4374-8E56-CE1C203F2FD3}.Release|Any CPU.Build.0 = Release|Any CPU
		{14CEB376-C21C-4272-BAFC-28BEF39441FE}.Debug|Any CPU.ActiveCfg = Debug|Any CPU
		{14CEB376-C21C-4272-BAFC-28BEF39441FE}.Debug|Any CPU.Build.0 = Debug|Any CPU
		{14CEB376-C21C-4272-BAFC-28BEF39441FE}.Release|Any CPU.ActiveCfg = Release|Any CPU
		{14CEB376-C21C-4272-BAFC-28BEF39441FE}.Release|Any CPU.Build.0 = Release|Any CPU
		{C4539750-967D-4F39-BDB3-96C312064C95}.Debug|Any CPU.ActiveCfg = Debug|Any CPU
		{C4539750-967D-4F39-BDB3-96C312064C95}.Debug|Any CPU.Build.0 = Debug|Any CPU
		{C4539750-967D-4F39-BDB3-96C312064C95}.Release|Any CPU.ActiveCfg = Release|Any CPU
		{C4539750-967D-4F39-BDB3-96C312064C95}.Release|Any CPU.Build.0 = Release|Any CPU
		{30BD62C5-7378-4F6E-97EC-2F57FC814CD3}.Debug|Any CPU.ActiveCfg = Debug|Any CPU
		{30BD62C5-7378-4F6E-97EC-2F57FC814CD3}.Debug|Any CPU.Build.0 = Debug|Any CPU
		{30BD62C5-7378-4F6E-97EC-2F57FC814CD3}.Release|Any CPU.ActiveCfg = Release|Any CPU
		{30BD62C5-7378-4F6E-97EC-2F57FC814CD3}.Release|Any CPU.Build.0 = Release|Any CPU
		{4CF2DC09-4055-40A4-8D55-427E3DD5E954}.Debug|Any CPU.ActiveCfg = Debug|Any CPU
		{4CF2DC09-4055-40A4-8D55-427E3DD5E954}.Debug|Any CPU.Build.0 = Debug|Any CPU
		{4CF2DC09-4055-40A4-8D55-427E3DD5E954}.Release|Any CPU.ActiveCfg = Release|Any CPU
		{4CF2DC09-4055-40A4-8D55-427E3DD5E954}.Release|Any CPU.Build.0 = Release|Any CPU
		{A1F0E930-B83C-448E-90FA-3D50B5674207}.Debug|Any CPU.ActiveCfg = Debug|Any CPU
		{A1F0E930-B83C-448E-90FA-3D50B5674207}.Debug|Any CPU.Build.0 = Debug|Any CPU
		{A1F0E930-B83C-448E-90FA-3D50B5674207}.Release|Any CPU.ActiveCfg = Release|Any CPU
		{A1F0E930-B83C-448E-90FA-3D50B5674207}.Release|Any CPU.Build.0 = Release|Any CPU
		{3B2D21AA-5202-40A8-A8A5-9AB3BB704E96}.Debug|Any CPU.ActiveCfg = Debug|Any CPU
		{3B2D21AA-5202-40A8-A8A5-9AB3BB704E96}.Debug|Any CPU.Build.0 = Debug|Any CPU
		{3B2D21AA-5202-40A8-A8A5-9AB3BB704E96}.Release|Any CPU.ActiveCfg = Release|Any CPU
		{3B2D21AA-5202-40A8-A8A5-9AB3BB704E96}.Release|Any CPU.Build.0 = Release|Any CPU
		{0177EB14-EFE8-42FC-A3AC-972760171E60}.Debug|Any CPU.ActiveCfg = Debug|Any CPU
		{0177EB14-EFE8-42FC-A3AC-972760171E60}.Debug|Any CPU.Build.0 = Debug|Any CPU
		{0177EB14-EFE8-42FC-A3AC-972760171E60}.Release|Any CPU.ActiveCfg = Release|Any CPU
		{0177EB14-EFE8-42FC-A3AC-972760171E60}.Release|Any CPU.Build.0 = Release|Any CPU
		{96A14581-D3D5-4680-B349-569226DD65F8}.Debug|Any CPU.ActiveCfg = Debug|Any CPU
		{96A14581-D3D5-4680-B349-569226DD65F8}.Debug|Any CPU.Build.0 = Debug|Any CPU
		{96A14581-D3D5-4680-B349-569226DD65F8}.Release|Any CPU.ActiveCfg = Release|Any CPU
		{96A14581-D3D5-4680-B349-569226DD65F8}.Release|Any CPU.Build.0 = Release|Any CPU
		{C827D69B-CD5A-4FEB-99FA-90B0026215BB}.Debug|Any CPU.ActiveCfg = Debug|Any CPU
		{C827D69B-CD5A-4FEB-99FA-90B0026215BB}.Debug|Any CPU.Build.0 = Debug|Any CPU
		{C827D69B-CD5A-4FEB-99FA-90B0026215BB}.Release|Any CPU.ActiveCfg = Release|Any CPU
		{C827D69B-CD5A-4FEB-99FA-90B0026215BB}.Release|Any CPU.Build.0 = Release|Any CPU
		{7F95C0FD-3661-411A-A22F-D16EF0D7C519}.Debug|Any CPU.ActiveCfg = Debug|Any CPU
		{7F95C0FD-3661-411A-A22F-D16EF0D7C519}.Debug|Any CPU.Build.0 = Debug|Any CPU
		{7F95C0FD-3661-411A-A22F-D16EF0D7C519}.Release|Any CPU.ActiveCfg = Release|Any CPU
		{7F95C0FD-3661-411A-A22F-D16EF0D7C519}.Release|Any CPU.Build.0 = Release|Any CPU
		{5B463A54-FFC6-49EE-A6A2-A86605D5F5CC}.Debug|Any CPU.ActiveCfg = Debug|Any CPU
		{5B463A54-FFC6-49EE-A6A2-A86605D5F5CC}.Debug|Any CPU.Build.0 = Debug|Any CPU
		{5B463A54-FFC6-49EE-A6A2-A86605D5F5CC}.Release|Any CPU.ActiveCfg = Release|Any CPU
		{5B463A54-FFC6-49EE-A6A2-A86605D5F5CC}.Release|Any CPU.Build.0 = Release|Any CPU
		{6BA3FD79-B081-45E4-8542-6A68FD576BF0}.Debug|Any CPU.ActiveCfg = Debug|Any CPU
		{6BA3FD79-B081-45E4-8542-6A68FD576BF0}.Debug|Any CPU.Build.0 = Debug|Any CPU
		{6BA3FD79-B081-45E4-8542-6A68FD576BF0}.Release|Any CPU.ActiveCfg = Release|Any CPU
		{6BA3FD79-B081-45E4-8542-6A68FD576BF0}.Release|Any CPU.Build.0 = Release|Any CPU
		{C5680555-5A1A-45A9-B0FF-2BAA86C9B8FD}.Debug|Any CPU.ActiveCfg = Debug|Any CPU
		{C5680555-5A1A-45A9-B0FF-2BAA86C9B8FD}.Debug|Any CPU.Build.0 = Debug|Any CPU
		{C5680555-5A1A-45A9-B0FF-2BAA86C9B8FD}.Release|Any CPU.ActiveCfg = Release|Any CPU
		{C5680555-5A1A-45A9-B0FF-2BAA86C9B8FD}.Release|Any CPU.Build.0 = Release|Any CPU
		{E8B57C2C-C9A0-4ACE-9F23-B607F21F943F}.Debug|Any CPU.ActiveCfg = Debug|Any CPU
		{E8B57C2C-C9A0-4ACE-9F23-B607F21F943F}.Debug|Any CPU.Build.0 = Debug|Any CPU
		{E8B57C2C-C9A0-4ACE-9F23-B607F21F943F}.Release|Any CPU.ActiveCfg = Release|Any CPU
		{E8B57C2C-C9A0-4ACE-9F23-B607F21F943F}.Release|Any CPU.Build.0 = Release|Any CPU
		{C34F668F-5D79-4E39-8921-C03698E04411}.Debug|Any CPU.ActiveCfg = Debug|Any CPU
		{C34F668F-5D79-4E39-8921-C03698E04411}.Debug|Any CPU.Build.0 = Debug|Any CPU
		{C34F668F-5D79-4E39-8921-C03698E04411}.Release|Any CPU.ActiveCfg = Release|Any CPU
		{C34F668F-5D79-4E39-8921-C03698E04411}.Release|Any CPU.Build.0 = Release|Any CPU
		{499B5BA4-5ED9-4604-9B10-34E40A2083C5}.Debug|Any CPU.ActiveCfg = Debug|Any CPU
		{499B5BA4-5ED9-4604-9B10-34E40A2083C5}.Debug|Any CPU.Build.0 = Debug|Any CPU
		{499B5BA4-5ED9-4604-9B10-34E40A2083C5}.Release|Any CPU.ActiveCfg = Release|Any CPU
		{499B5BA4-5ED9-4604-9B10-34E40A2083C5}.Release|Any CPU.Build.0 = Release|Any CPU
		{EDE83BE5-258E-4FB2-B98F-935148CA18A8}.Debug|Any CPU.ActiveCfg = Debug|Any CPU
		{EDE83BE5-258E-4FB2-B98F-935148CA18A8}.Debug|Any CPU.Build.0 = Debug|Any CPU
		{EDE83BE5-258E-4FB2-B98F-935148CA18A8}.Release|Any CPU.ActiveCfg = Release|Any CPU
		{EDE83BE5-258E-4FB2-B98F-935148CA18A8}.Release|Any CPU.Build.0 = Release|Any CPU
		{D133971E-BBF5-476D-9AF3-C4B643EF30E8}.Debug|Any CPU.ActiveCfg = Debug|Any CPU
		{D133971E-BBF5-476D-9AF3-C4B643EF30E8}.Debug|Any CPU.Build.0 = Debug|Any CPU
		{D133971E-BBF5-476D-9AF3-C4B643EF30E8}.Release|Any CPU.ActiveCfg = Release|Any CPU
		{D133971E-BBF5-476D-9AF3-C4B643EF30E8}.Release|Any CPU.Build.0 = Release|Any CPU
		{3EC1E86F-F1A5-4A0D-ACCD-8BD00011FA7E}.Debug|Any CPU.ActiveCfg = Debug|Any CPU
		{3EC1E86F-F1A5-4A0D-ACCD-8BD00011FA7E}.Debug|Any CPU.Build.0 = Debug|Any CPU
		{3EC1E86F-F1A5-4A0D-ACCD-8BD00011FA7E}.Release|Any CPU.ActiveCfg = Release|Any CPU
		{3EC1E86F-F1A5-4A0D-ACCD-8BD00011FA7E}.Release|Any CPU.Build.0 = Release|Any CPU
		{C4F3F393-1725-4C8C-9E98-7DB7E3D85FC1}.Debug|Any CPU.ActiveCfg = Debug|Any CPU
		{C4F3F393-1725-4C8C-9E98-7DB7E3D85FC1}.Debug|Any CPU.Build.0 = Debug|Any CPU
		{C4F3F393-1725-4C8C-9E98-7DB7E3D85FC1}.Release|Any CPU.ActiveCfg = Release|Any CPU
		{C4F3F393-1725-4C8C-9E98-7DB7E3D85FC1}.Release|Any CPU.Build.0 = Release|Any CPU
		{C14AD714-6A3E-4F4D-8C58-0C778F32B177}.Debug|Any CPU.ActiveCfg = Debug|Any CPU
		{C14AD714-6A3E-4F4D-8C58-0C778F32B177}.Debug|Any CPU.Build.0 = Debug|Any CPU
		{C14AD714-6A3E-4F4D-8C58-0C778F32B177}.Release|Any CPU.ActiveCfg = Release|Any CPU
		{C14AD714-6A3E-4F4D-8C58-0C778F32B177}.Release|Any CPU.Build.0 = Release|Any CPU
		{802EF06C-C9FE-4196-8BD9-7942765DD329}.Debug|Any CPU.ActiveCfg = Debug|Any CPU
		{802EF06C-C9FE-4196-8BD9-7942765DD329}.Debug|Any CPU.Build.0 = Debug|Any CPU
		{802EF06C-C9FE-4196-8BD9-7942765DD329}.Release|Any CPU.ActiveCfg = Release|Any CPU
		{802EF06C-C9FE-4196-8BD9-7942765DD329}.Release|Any CPU.Build.0 = Release|Any CPU
		{06A4E189-7EC1-484F-BAF4-1D4CFEE47B7E}.Debug|Any CPU.ActiveCfg = Debug|Any CPU
		{06A4E189-7EC1-484F-BAF4-1D4CFEE47B7E}.Debug|Any CPU.Build.0 = Debug|Any CPU
		{06A4E189-7EC1-484F-BAF4-1D4CFEE47B7E}.Release|Any CPU.ActiveCfg = Release|Any CPU
		{06A4E189-7EC1-484F-BAF4-1D4CFEE47B7E}.Release|Any CPU.Build.0 = Release|Any CPU
		{CD3A060D-505F-4C6E-8024-8950CBE83F06}.Debug|Any CPU.ActiveCfg = Debug|Any CPU
		{CD3A060D-505F-4C6E-8024-8950CBE83F06}.Debug|Any CPU.Build.0 = Debug|Any CPU
		{CD3A060D-505F-4C6E-8024-8950CBE83F06}.Release|Any CPU.ActiveCfg = Release|Any CPU
		{CD3A060D-505F-4C6E-8024-8950CBE83F06}.Release|Any CPU.Build.0 = Release|Any CPU
	EndGlobalSection
	GlobalSection(SolutionProperties) = preSolution
		HideSolutionNode = FALSE
	EndGlobalSection
	GlobalSection(ExtensibilityGlobals) = postSolution
		SolutionGuid = {ADA15F5A-9E5B-4622-A043-B95BDA09F40E}
	EndGlobalSection
EndGlobal
